
Microsoft Visual Studio Solution File, Format Version 12.00
# Visual Studio Version 16
VisualStudioVersion = 16.0.30204.135
MinimumVisualStudioVersion = 10.0.40219.1
Project("{8BC9CEB8-8B4A-11D0-8D11-00A0C91BC942}") = "6603_lotto", "6603_lotto\6603_lotto.vcxproj", "{DCE86C8B-D152-4E61-8472-06AE6D02ADDC}"
EndProject
Global
	GlobalSection(SolutionConfigurationPlatforms) = preSolution
		Debug|x64 = Debug|x64
		Debug|x86 = Debug|x86
		Release|x64 = Release|x64
		Release|x86 = Release|x86
	EndGlobalSection
	GlobalSection(ProjectConfigurationPlatforms) = postSolution
		{DCE86C8B-D152-4E61-8472-06AE6D02ADDC}.Debug|x64.ActiveCfg = Debug|x64
		{DCE86C8B-D152-4E61-8472-06AE6D02ADDC}.Debug|x64.Build.0 = Debug|x64
		{DCE86C8B-D152-4E61-8472-06AE6D02ADDC}.Debug|x86.ActiveCfg = Debug|Win32
		{DCE86C8B-D152-4E61-8472-06AE6D02ADDC}.Debug|x86.Build.0 = Debug|Win32
		{DCE86C8B-D152-4E61-8472-06AE6D02ADDC}.Release|x64.ActiveCfg = Release|x64
		{DCE86C8B-D152-4E61-8472-06AE6D02ADDC}.Release|x64.Build.0 = Release|x64
		{DCE86C8B-D152-4E61-8472-06AE6D02ADDC}.Release|x86.ActiveCfg = Release|Win32
		{DCE86C8B-D152-4E61-8472-06AE6D02ADDC}.Release|x86.Build.0 = Release|Win32
	EndGlobalSection
	GlobalSection(SolutionProperties) = preSolution
		HideSolutionNode = FALSE
	EndGlobalSection
	GlobalSection(ExtensibilityGlobals) = postSolution
		SolutionGuid = {F6B6C1EB-85E0-43D8-8454-13C1054F15C2}
	EndGlobalSection
EndGlobal
