
Microsoft Visual Studio Solution File, Format Version 12.00
# Visual Studio Version 16
VisualStudioVersion = 16.0.31624.102
MinimumVisualStudioVersion = 10.0.40219.1
Project("{8BC9CEB8-8B4A-11D0-8D11-00A0C91BC942}") = "test_judge_13458", "test_judge_13458.vcxproj", "{43A4753C-F7AC-4064-8F5E-271F7D23850E}"
EndProject
Global
	GlobalSection(SolutionConfigurationPlatforms) = preSolution
		Debug|x64 = Debug|x64
		Debug|x86 = Debug|x86
		Release|x64 = Release|x64
		Release|x86 = Release|x86
	EndGlobalSection
	GlobalSection(ProjectConfigurationPlatforms) = postSolution
		{43A4753C-F7AC-4064-8F5E-271F7D23850E}.Debug|x64.ActiveCfg = Debug|x64
		{43A4753C-F7AC-4064-8F5E-271F7D23850E}.Debug|x64.Build.0 = Debug|x64
		{43A4753C-F7AC-4064-8F5E-271F7D23850E}.Debug|x86.ActiveCfg = Debug|Win32
		{43A4753C-F7AC-4064-8F5E-271F7D23850E}.Debug|x86.Build.0 = Debug|Win32
		{43A4753C-F7AC-4064-8F5E-271F7D23850E}.Release|x64.ActiveCfg = Release|x64
		{43A4753C-F7AC-4064-8F5E-271F7D23850E}.Release|x64.Build.0 = Release|x64
		{43A4753C-F7AC-4064-8F5E-271F7D23850E}.Release|x86.ActiveCfg = Release|Win32
		{43A4753C-F7AC-4064-8F5E-271F7D23850E}.Release|x86.Build.0 = Release|Win32
	EndGlobalSection
	GlobalSection(SolutionProperties) = preSolution
		HideSolutionNode = FALSE
	EndGlobalSection
	GlobalSection(ExtensibilityGlobals) = postSolution
		SolutionGuid = {0A8ABBA6-6557-4BA8-822E-446F88B7B474}
	EndGlobalSection
EndGlobal
