
Microsoft Visual Studio Solution File, Format Version 12.00
# Visual Studio Version 16
VisualStudioVersion = 16.0.30204.135
MinimumVisualStudioVersion = 10.0.40219.1
Project("{8BC9CEB8-8B4A-11D0-8D11-00A0C91BC942}") = "1463_make_one", "1463_make_one\1463_make_one.vcxproj", "{8524BF6E-415E-4A8B-B327-A5C7931E967D}"
EndProject
Global
	GlobalSection(SolutionConfigurationPlatforms) = preSolution
		Debug|x64 = Debug|x64
		Debug|x86 = Debug|x86
		Release|x64 = Release|x64
		Release|x86 = Release|x86
	EndGlobalSection
	GlobalSection(ProjectConfigurationPlatforms) = postSolution
		{8524BF6E-415E-4A8B-B327-A5C7931E967D}.Debug|x64.ActiveCfg = Debug|x64
		{8524BF6E-415E-4A8B-B327-A5C7931E967D}.Debug|x64.Build.0 = Debug|x64
		{8524BF6E-415E-4A8B-B327-A5C7931E967D}.Debug|x86.ActiveCfg = Debug|Win32
		{8524BF6E-415E-4A8B-B327-A5C7931E967D}.Debug|x86.Build.0 = Debug|Win32
		{8524BF6E-415E-4A8B-B327-A5C7931E967D}.Release|x64.ActiveCfg = Release|x64
		{8524BF6E-415E-4A8B-B327-A5C7931E967D}.Release|x64.Build.0 = Release|x64
		{8524BF6E-415E-4A8B-B327-A5C7931E967D}.Release|x86.ActiveCfg = Release|Win32
		{8524BF6E-415E-4A8B-B327-A5C7931E967D}.Release|x86.Build.0 = Release|Win32
	EndGlobalSection
	GlobalSection(SolutionProperties) = preSolution
		HideSolutionNode = FALSE
	EndGlobalSection
	GlobalSection(ExtensibilityGlobals) = postSolution
		SolutionGuid = {829E3B38-85F3-4B4D-AF4D-C054048B3CE7}
	EndGlobalSection
EndGlobal
