
Microsoft Visual Studio Solution File, Format Version 12.00
# Visual Studio Version 16
VisualStudioVersion = 16.0.30204.135
MinimumVisualStudioVersion = 10.0.40219.1
Project("{8BC9CEB8-8B4A-11D0-8D11-00A0C91BC942}") = "2668_select_num", "2668_select_num\2668_select_num.vcxproj", "{9A26CC65-5C82-4CAA-AD1B-71A30FFE405F}"
EndProject
Global
	GlobalSection(SolutionConfigurationPlatforms) = preSolution
		Debug|x64 = Debug|x64
		Debug|x86 = Debug|x86
		Release|x64 = Release|x64
		Release|x86 = Release|x86
	EndGlobalSection
	GlobalSection(ProjectConfigurationPlatforms) = postSolution
		{9A26CC65-5C82-4CAA-AD1B-71A30FFE405F}.Debug|x64.ActiveCfg = Debug|x64
		{9A26CC65-5C82-4CAA-AD1B-71A30FFE405F}.Debug|x64.Build.0 = Debug|x64
		{9A26CC65-5C82-4CAA-AD1B-71A30FFE405F}.Debug|x86.ActiveCfg = Debug|Win32
		{9A26CC65-5C82-4CAA-AD1B-71A30FFE405F}.Debug|x86.Build.0 = Debug|Win32
		{9A26CC65-5C82-4CAA-AD1B-71A30FFE405F}.Release|x64.ActiveCfg = Release|x64
		{9A26CC65-5C82-4CAA-AD1B-71A30FFE405F}.Release|x64.Build.0 = Release|x64
		{9A26CC65-5C82-4CAA-AD1B-71A30FFE405F}.Release|x86.ActiveCfg = Release|Win32
		{9A26CC65-5C82-4CAA-AD1B-71A30FFE405F}.Release|x86.Build.0 = Release|Win32
	EndGlobalSection
	GlobalSection(SolutionProperties) = preSolution
		HideSolutionNode = FALSE
	EndGlobalSection
	GlobalSection(ExtensibilityGlobals) = postSolution
		SolutionGuid = {0CBB9197-81A9-4196-9784-48E963BAFA28}
	EndGlobalSection
EndGlobal
